{
  "lockfileVersion": 1,
  "workspaces": {
    "": {
      "name": "ubc-parse-prerequisites",
      "dependencies": {
        "dotenv": "^17.0.1",
        "node-fetch": "^3.3.2",
      },
      "devDependencies": {
        "@types/bun": "latest",
      },
      "peerDependencies": {
        "typescript": "^5",
      },
    },
  },
  "packages": {
    "@types/bun": ["@types/bun@1.2.18", "", { "dependencies": { "bun-types": "1.2.18" } }, "sha512-Xf6RaWVheyemaThV0kUfaAUvCNokFr+bH8Jxp+tTZfx7dAPA8z9ePnP9S9+Vspzuxxx9JRAXhnyccRj3GyCMdQ=="],

    "@types/node": ["@types/node@24.0.10", "", { "dependencies": { "undici-types": "~7.8.0" } }, "sha512-ENHwaH+JIRTDIEEbDK6QSQntAYGtbvdDXnMXnZaZ6k13Du1dPMmprkEHIL7ok2Wl2aZevetwTAb5S+7yIF+enA=="],

    "@types/react": ["@types/react@19.1.8", "", { "dependencies": { "csstype": "^3.0.2" } }, "sha512-AwAfQ2Wa5bCx9WP8nZL2uMZWod7J7/JSplxbTmBQ5ms6QpqNYm672H0Vu9ZVKVngQ+ii4R/byguVEUZQyeg44g=="],

    "bun-types": ["bun-types@1.2.18", "", { "dependencies": { "@types/node": "*" }, "peerDependencies": { "@types/react": "^19" } }, "sha512-04+Eha5NP7Z0A9YgDAzMk5PHR16ZuLVa83b26kH5+cp1qZW4F6FmAURngE7INf4tKOvCE69vYvDEwoNl1tGiWw=="],

    "csstype": ["csstype@3.1.3", "", {}, "sha512-M1uQkMl8rQK/szD0LNhtqxIPLpimGm8sOBwU7lLnCpSbTyY3yeU1Vc7l4KT5zT4s/yOxHH5O7tIuuLOCnLADRw=="],

    "data-uri-to-buffer": ["data-uri-to-buffer@4.0.1", "", {}, "sha512-0R9ikRb668HB7QDxT1vkpuUBtqc53YyAwMwGeUFKRojY/NWKvdZ+9UYtRfGmhqNbRkTSVpMbmyhXipFFv2cb/A=="],

    "dotenv": ["dotenv@17.0.1", "", {}, "sha512-GLjkduuAL7IMJg/ZnOPm9AnWKJ82mSE2tzXLaJ/6hD6DhwGfZaXG77oB8qbReyiczNxnbxQKyh0OE5mXq0bAHA=="],

    "fetch-blob": ["fetch-blob@3.2.0", "", { "dependencies": { "node-domexception": "^1.0.0", "web-streams-polyfill": "^3.0.3" } }, "sha512-7yAQpD2UMJzLi1Dqv7qFYnPbaPx7ZfFK6PiIxQ4PfkGPyNyl2Ugx+a/umUonmKqjhM4DnfbMvdX6otXq83soQQ=="],

    "formdata-polyfill": ["formdata-polyfill@4.0.10", "", { "dependencies": { "fetch-blob": "^3.1.2" } }, "sha512-buewHzMvYL29jdeQTVILecSaZKnt/RJWjoZCF5OW60Z67/GmSLBkOFM7qh1PI3zFNtJbaZL5eQu1vLfazOwj4g=="],

    "node-domexception": ["node-domexception@1.0.0", "", {}, "sha512-/jKZoMpw0F8GRwl4/eLROPA3cfcXtLApP0QzLmUT/HuPCZWyB7IY9ZrMeKw2O/nFIqPQB3PVM9aYm0F312AXDQ=="],

    "node-fetch": ["node-fetch@3.3.2", "", { "dependencies": { "data-uri-to-buffer": "^4.0.0", "fetch-blob": "^3.1.4", "formdata-polyfill": "^4.0.10" } }, "sha512-dRB78srN/l6gqWulah9SrxeYnxeddIG30+GOqK/9OlLVyLg3HPnr6SqOWTWOXKRwC2eGYCkZ59NNuSgvSrpgOA=="],

    "typescript": ["typescript@5.8.3", "", { "bin": { "tsc": "bin/tsc", "tsserver": "bin/tsserver" } }, "sha512-p1diW6TqL9L07nNxvRMM7hMMw4c5XOo/1ibL4aAIGmSAt9slTE1Xgw5KWuof2uTOvCg9BY7ZRi+GaF+7sfgPeQ=="],

    "undici-types": ["undici-types@7.8.0", "", {}, "sha512-9UJ2xGDvQ43tYyVMpuHlsgApydB8ZKfVYTsLDhXkFL/6gfkp+U8xTGdh8pMJv1SpZna0zxG1DwsKZsreLbXBxw=="],

    "web-streams-polyfill": ["web-streams-polyfill@3.3.3", "", {}, "sha512-d2JWLCivmZYTSIoge9MsgFCZrt571BikcWGYkjC1khllbTeDlGqZ2D8vD8E/lJa8WGWbb7Plm8/XJYV7IJHZZw=="],
  }
}
